{
  "lockfileVersion": 1,
  "configVersion": 0,
  "workspaces": {
    "": {
      "name": "corvus",
      "dependencies": {
        "nitro": "3.0.1-alpha.2",
        "ofetch": "^2.0.0-alpha.3",
        "pino": "^10.3.1",
        "pino-pretty": "^13.1.3",
        "react": "^19.2.0",
        "react-activity-calendar": "^3.1.1",
        "react-dom": "^19.2.0",
        "yaml": "^2.8.2",
        "zod": "^4.3.6",
      },
      "devDependencies": {
        "@biomejs/biome": "2.4.4",
        "@types/bun": "^1.3.9",
        "@types/node": "^22.10.2",
        "@types/react": "^19.2.0",
        "@types/react-dom": "^19.2.0",
        "rolldown": "^1.0.0-rc.5",
        "typescript": "^5.7.2",
      },
    },
  },
  "packages": {
    "@biomejs/biome": ["@biomejs/biome@2.4.4", "", { "optionalDependencies": { "@biomejs/cli-darwin-arm64": "2.4.4", "@biomejs/cli-darwin-x64": "2.4.4", "@biomejs/cli-linux-arm64": "2.4.4", "@biomejs/cli-linux-arm64-musl": "2.4.4", "@biomejs/cli-linux-x64": "2.4.4", "@biomejs/cli-linux-x64-musl": "2.4.4", "@biomejs/cli-win32-arm64": "2.4.4", "@biomejs/cli-win32-x64": "2.4.4" }, "bin": { "biome": "bin/biome" } }, "sha512-tigwWS5KfJf0cABVd52NVaXyAVv4qpUXOWJ1rxFL8xF1RVoeS2q/LK+FHgYoKMclJCuRoCWAPy1IXaN9/mS61Q=="],

    "@biomejs/cli-darwin-arm64": ["@biomejs/cli-darwin-arm64@2.4.4", "", { "os": "darwin", "cpu": "arm64" }, "sha512-jZ+Xc6qvD6tTH5jM6eKX44dcbyNqJHssfl2nnwT6vma6B1sj7ZLTGIk6N5QwVBs5xGN52r3trk5fgd3sQ9We9A=="],

    "@biomejs/cli-darwin-x64": ["@biomejs/cli-darwin-x64@2.4.4", "", { "os": "darwin", "cpu": "x64" }, "sha512-Dh1a/+W+SUCXhEdL7TiX3ArPTFCQKJTI1mGncZNWfO+6suk+gYA4lNyJcBB+pwvF49uw0pEbUS49BgYOY4hzUg=="],

    "@biomejs/cli-linux-arm64": ["@biomejs/cli-linux-arm64@2.4.4", "", { "os": "linux", "cpu": "arm64" }, "sha512-V/NFfbWhsUU6w+m5WYbBenlEAz8eYnSqRMDMAW3K+3v0tYVkNyZn8VU0XPxk/lOqNXLSCCrV7FmV/u3SjCBShg=="],

    "@biomejs/cli-linux-arm64-musl": ["@biomejs/cli-linux-arm64-musl@2.4.4", "", { "os": "linux", "cpu": "arm64" }, "sha512-+sPAXq3bxmFwhVFJnSwkSF5Rw2ZAJMH3MF6C9IveAEOdSpgajPhoQhbbAK12SehN9j2QrHpk4J/cHsa/HqWaYQ=="],

    "@biomejs/cli-linux-x64": ["@biomejs/cli-linux-x64@2.4.4", "", { "os": "linux", "cpu": "x64" }, "sha512-R4+ZCDtG9kHArasyBO+UBD6jr/FcFCTH8QkNTOCu0pRJzCWyWC4EtZa2AmUZB5h3e0jD7bRV2KvrENcf8rndBg=="],

    "@biomejs/cli-linux-x64-musl": ["@biomejs/cli-linux-x64-musl@2.4.4", "", { "os": "linux", "cpu": "x64" }, "sha512-gGvFTGpOIQDb5CQ2VC0n9Z2UEqlP46c4aNgHmAMytYieTGEcfqhfCFnhs6xjt0S3igE6q5GLuIXtdQt3Izok+g=="],

    "@biomejs/cli-win32-arm64": ["@biomejs/cli-win32-arm64@2.4.4", "", { "os": "win32", "cpu": "arm64" }, "sha512-trzCqM7x+Gn832zZHgr28JoYagQNX4CZkUZhMUac2YxvvyDRLJDrb5m9IA7CaZLlX6lTQmADVfLEKP1et1Ma4Q=="],

    "@biomejs/cli-win32-x64": ["@biomejs/cli-win32-x64@2.4.4", "", { "os": "win32", "cpu": "x64" }, "sha512-gnOHKVPFAAPrpoPt2t+Q6FZ7RPry/FDV3GcpU53P3PtLNnQjBmKyN2Vh/JtqXet+H4pme8CC76rScwdjDcT1/A=="],

    "@emnapi/core": ["@emnapi/core@1.8.1", "", { "dependencies": { "@emnapi/wasi-threads": "1.1.0", "tslib": "^2.4.0" } }, ""],

    "@emnapi/runtime": ["@emnapi/runtime@1.8.1", "", { "dependencies": { "tslib": "^2.4.0" } }, ""],

    "@emnapi/wasi-threads": ["@emnapi/wasi-threads@1.1.0", "", { "dependencies": { "tslib": "^2.4.0" } }, ""],

    "@floating-ui/core": ["@floating-ui/core@1.7.4", "", { "dependencies": { "@floating-ui/utils": "^0.2.10" } }, ""],

    "@floating-ui/dom": ["@floating-ui/dom@1.7.5", "", { "dependencies": { "@floating-ui/core": "^1.7.4", "@floating-ui/utils": "^0.2.10" } }, ""],

    "@floating-ui/react": ["@floating-ui/react@0.27.17", "", { "dependencies": { "@floating-ui/react-dom": "^2.1.7", "@floating-ui/utils": "^0.2.10", "tabbable": "^6.0.0" }, "peerDependencies": { "react": ">=17.0.0", "react-dom": ">=17.0.0" } }, ""],

    "@floating-ui/react-dom": ["@floating-ui/react-dom@2.1.7", "", { "dependencies": { "@floating-ui/dom": "^1.7.5" }, "peerDependencies": { "react": ">=16.8.0", "react-dom": ">=16.8.0" } }, ""],

    "@floating-ui/utils": ["@floating-ui/utils@0.2.10", "", {}, ""],

    "@napi-rs/wasm-runtime": ["@napi-rs/wasm-runtime@1.1.1", "", { "dependencies": { "@emnapi/core": "^1.7.1", "@emnapi/runtime": "^1.7.1", "@tybys/wasm-util": "^0.10.1" } }, ""],

    "@oxc-minify/binding-android-arm-eabi": ["@oxc-minify/binding-android-arm-eabi@0.110.0", "", { "os": "android", "cpu": "arm" }, "sha512-43fMTO8/5bMlqfOiNSZNKUzIqeLIYuB9Hr1Ohyf58B1wU11S2dPGibTXOGNaWsfgHy99eeZ1bSgeIHy/fEYqbw=="],

    "@oxc-minify/binding-android-arm64": ["@oxc-minify/binding-android-arm64@0.110.0", "", { "os": "android", "cpu": "arm64" }, "sha512-5oQrnn9eK/ccOp80PTrNj0Vq893NPNNRryjGpOIVsYNgWFuoGCfpnKg68oEFcN8bArizYAqw4nvgHljEnar69w=="],

    "@oxc-minify/binding-darwin-arm64": ["@oxc-minify/binding-darwin-arm64@0.110.0", "", { "os": "darwin", "cpu": "arm64" }, ""],

    "@oxc-minify/binding-darwin-x64": ["@oxc-minify/binding-darwin-x64@0.110.0", "", { "os": "darwin", "cpu": "x64" }, "sha512-U0AqabqaooDOpYmeeOye8wClv8PSScELXgOfYqyqgrwH9J9KrpCE1jL8Rlqgz68QbL4mPw3V6sKiiHssI4CLeQ=="],

    "@oxc-minify/binding-freebsd-x64": ["@oxc-minify/binding-freebsd-x64@0.110.0", "", { "os": "freebsd", "cpu": "x64" }, "sha512-H0w8o/Wo1072WSdLfhwwrpFpwZnPpjQODlHuRYkTfsSSSJbTxQtjJd4uxk7YJsRv5RQp69y0I7zvdH6f8Xueyw=="],

    "@oxc-minify/binding-linux-arm-gnueabihf": ["@oxc-minify/binding-linux-arm-gnueabihf@0.110.0", "", { "os": "linux", "cpu": "arm" }, "sha512-qd6sW0AvEVYZhbVVMGtmKZw3b1zDYGIW+54Uh42moWRAj6i4Jhk/LGr6r9YNZpOINeuvZfkFuEeDD/jbu7xPUA=="],

    "@oxc-minify/binding-linux-arm-musleabihf": ["@oxc-minify/binding-linux-arm-musleabihf@0.110.0", "", { "os": "linux", "cpu": "arm" }, "sha512-7WXP0aXMrWSn0ScppUBi3jf68ebfBG0eri8kxLmBOVSBj6jw1repzkHMITJMBeLr5d0tT/51qFEptiAk2EP2iA=="],

    "@oxc-minify/binding-linux-arm64-gnu": ["@oxc-minify/binding-linux-arm64-gnu@0.110.0", "", { "os": "linux", "cpu": "arm64" }, "sha512-LYfADrq5x1W5gs+u9OIbMbDQNYkAECTXX0ufnAuf3oGmO51rF98kGFR5qJqC/6/csokDyT3wwTpxhE0TkcF/Og=="],

    "@oxc-minify/binding-linux-arm64-musl": ["@oxc-minify/binding-linux-arm64-musl@0.110.0", "", { "os": "linux", "cpu": "arm64" }, "sha512-53GjCVY8kvymk9P6qNDh6zyblcehF5QHstq9QgCjv13ONGRnSHjeds0PxIwiihD7h295bxsWs84DN39syLPH4Q=="],

    "@oxc-minify/binding-linux-ppc64-gnu": ["@oxc-minify/binding-linux-ppc64-gnu@0.110.0", "", { "os": "linux", "cpu": "ppc64" }, "sha512-li8XcN81dxbJDMBESnTgGhoiAQ+CNIdM0QGscZ4duVPjCry1RpX+5FJySFbGqG3pk4s9ZzlL/vtQtbRzZIZOzg=="],

    "@oxc-minify/binding-linux-riscv64-gnu": ["@oxc-minify/binding-linux-riscv64-gnu@0.110.0", "", { "os": "linux", "cpu": "none" }, "sha512-SweKfsnLKShu6UFV8mwuj1d1wmlNoL/FlAxPUzwjEBgwiT2HQkY24KnjBH+TIA+//1O83kzmWKvvs4OuEhdIEQ=="],

    "@oxc-minify/binding-linux-riscv64-musl": ["@oxc-minify/binding-linux-riscv64-musl@0.110.0", "", { "os": "linux", "cpu": "none" }, "sha512-oH8G4aFMP8XyTsEpdANC5PQyHgSeGlopHZuW1rpyYcaErg5YaK0vXjQ4EM5HVvPm+feBV24JjxgakTnZoF3aOQ=="],

    "@oxc-minify/binding-linux-s390x-gnu": ["@oxc-minify/binding-linux-s390x-gnu@0.110.0", "", { "os": "linux", "cpu": "s390x" }, "sha512-W9na+Vza7XVUlpf8wMt4QBfH35KeTENEmnpPUq3NSlbQHz8lSlSvhAafvo43NcKvHAXV3ckD/mUf2VkqSdbklg=="],

    "@oxc-minify/binding-linux-x64-gnu": ["@oxc-minify/binding-linux-x64-gnu@0.110.0", "", { "os": "linux", "cpu": "x64" }, "sha512-XJdA4mmmXOjJxSRgNJXsDP7Xe8h3gQhmb56hUcCrvq5d+h5UcEi2pR8rxsdIrS8QmkLuBA3eHkGK8E27D7DTgQ=="],

    "@oxc-minify/binding-linux-x64-musl": ["@oxc-minify/binding-linux-x64-musl@0.110.0", "", { "os": "linux", "cpu": "x64" }, "sha512-QqzvALuOTtSckI8x467R4GNArzYDb/yEh6aNzLoeaY1O7vfT7SPDwlOEcchaTznutpeS9Dy8gUS/AfqtUHaufw=="],

    "@oxc-minify/binding-openharmony-arm64": ["@oxc-minify/binding-openharmony-arm64@0.110.0", "", { "os": "none", "cpu": "arm64" }, "sha512-gAMssLs2Q3+uhLZxanh1DF+27Kaug3cf4PXb9AB7XK81DR+LVcKySXaoGYoOs20Co0fFSphd6rRzKge2qDK3dA=="],

    "@oxc-minify/binding-wasm32-wasi": ["@oxc-minify/binding-wasm32-wasi@0.110.0", "", { "dependencies": { "@napi-rs/wasm-runtime": "^1.1.1" }, "cpu": "none" }, "sha512-7Wqi5Zjl022bs2zXq+ICdalDPeDuCH/Nhbi8q2isLihAonMVIT0YH2hqqnNEylRNGYck+FJ6gRZwMpGCgrNxPg=="],

    "@oxc-minify/binding-win32-arm64-msvc": ["@oxc-minify/binding-win32-arm64-msvc@0.110.0", "", { "os": "win32", "cpu": "arm64" }, "sha512-ZPx+0Tj4dqn41ecyoGotlvekQKy6JxJCixn9Rw7h/dafZ3eDuBcEVh3c2ZoldXXsyMIt5ywI8IWzFZsjNedd5Q=="],

    "@oxc-minify/binding-win32-ia32-msvc": ["@oxc-minify/binding-win32-ia32-msvc@0.110.0", "", { "os": "win32", "cpu": "ia32" }, "sha512-H0Oyd3RWBfpEyvJIrFK94RYiY7KKSQl11Ym7LMDwLEagelIAfRCkt1amHZhFa/S3ZRoaOJFXzEw4YKeSsjVFsg=="],

    "@oxc-minify/binding-win32-x64-msvc": ["@oxc-minify/binding-win32-x64-msvc@0.110.0", "", { "os": "win32", "cpu": "x64" }, "sha512-Hr3nK90+qXKJ2kepXwFIcNfQQIOBecB4FFCyaMMypthoEEhVP08heRynj4eSXZ8NL9hLjs3fQzH8PJXfpznRnQ=="],

    "@oxc-project/types": ["@oxc-project/types@0.114.0", "", {}, "sha512-//nBfbzHQHvJs8oFIjv6coZ6uxQ4alLfiPe6D5vit6c4pmxATHHlVwgB1k+Hv4yoAMyncdxgRBF5K4BYWUCzvA=="],

    "@oxc-transform/binding-android-arm-eabi": ["@oxc-transform/binding-android-arm-eabi@0.110.0", "", { "os": "android", "cpu": "arm" }, "sha512-sE9dxvqqAax1YYJ3t7j+h5ZSI9jl6dYuDfngl6ieZUrIy5P89/8JKVgAzgp8o3wQSo7ndpJvYsi1K4ZqrmbP7w=="],

    "@oxc-transform/binding-android-arm64": ["@oxc-transform/binding-android-arm64@0.110.0", "", { "os": "android", "cpu": "arm64" }, "sha512-nqtbP4aMCtsCZ6qpHlHaQoWVHSBtlKzwaAgwEOvR+9DWqHjk31BHvpGiDXlMeed6CVNpl3lCbWgygb3RcSjcfw=="],

    "@oxc-transform/binding-darwin-arm64": ["@oxc-transform/binding-darwin-arm64@0.110.0", "", { "os": "darwin", "cpu": "arm64" }, ""],

    "@oxc-transform/binding-darwin-x64": ["@oxc-transform/binding-darwin-x64@0.110.0", "", { "os": "darwin", "cpu": "x64" }, "sha512-nL9K5x7OuZydobAGPylsEW9d4APs2qEkIBLMgQPA+kY8dtVD3IR87QsTbs4l4DBQYyun/+ay6qVCDlxqxdX2Jg=="],

    "@oxc-transform/binding-freebsd-x64": ["@oxc-transform/binding-freebsd-x64@0.110.0", "", { "os": "freebsd", "cpu": "x64" }, "sha512-GS29zXXirDQhZEUq8xKJ1azAWMuUy3Ih3W5Bc5ddk12LRthO5wRLFcKIyeHpAXCoXymQ+LmxbMtbPf84GPxouw=="],

    "@oxc-transform/binding-linux-arm-gnueabihf": ["@oxc-transform/binding-linux-arm-gnueabihf@0.110.0", "", { "os": "linux", "cpu": "arm" }, "sha512-glzDHak8ISyZJemCUi7RCvzNSl+MQ1ly9RceT2qRufhUsvNZ4C/2QLJ1HJwd2N6E88bO4laYn+RofdRzNnGGEA=="],

    "@oxc-transform/binding-linux-arm-musleabihf": ["@oxc-transform/binding-linux-arm-musleabihf@0.110.0", "", { "os": "linux", "cpu": "arm" }, "sha512-8JThvgJ2FRoTVfbp7e4wqeZqCZbtudM06SfZmNzND9kPNu/LVYygIR+72RWs+xm4bWkuYHg/islo/boNPtMT5Q=="],

    "@oxc-transform/binding-linux-arm64-gnu": ["@oxc-transform/binding-linux-arm64-gnu@0.110.0", "", { "os": "linux", "cpu": "arm64" }, "sha512-IRh21Ub/g4bkHoErZ0AUWMlWfoZaS0A6EaOVtbcY70RSYIMlrsbjiFwJCzM+b/1DD1rXbH5tsGcH7GweTbfRqg=="],

    "@oxc-transform/binding-linux-arm64-musl": ["@oxc-transform/binding-linux-arm64-musl@0.110.0", "", { "os": "linux", "cpu": "arm64" }, "sha512-e5JN94/oy+wevk76q+LMr+2klTTcO60uXa+Wkq558Ms7mdF2TvkKFI++d/JeiuIwJLTi/BxQ4qdT5FWcsHM/ug=="],

    "@oxc-transform/binding-linux-ppc64-gnu": ["@oxc-transform/binding-linux-ppc64-gnu@0.110.0", "", { "os": "linux", "cpu": "ppc64" }, "sha512-Y3/Tnnz1GvDpmv8FXBIKtdZPsdZklOEPdrL6NHrN5i2u54BOkybFaDSptgWF53wOrJlTrcmAVSE6fRKK9XCM2Q=="],

    "@oxc-transform/binding-linux-riscv64-gnu": ["@oxc-transform/binding-linux-riscv64-gnu@0.110.0", "", { "os": "linux", "cpu": "none" }, "sha512-Y0E35iA9/v9jlkNcP6tMJ+ZFOS0rLsWDqG6rU9z+X2R3fBFJBO9UARIK6ngx8upxk81y1TFR2CmBFhupfYdH6Q=="],

    "@oxc-transform/binding-linux-riscv64-musl": ["@oxc-transform/binding-linux-riscv64-musl@0.110.0", "", { "os": "linux", "cpu": "none" }, "sha512-JOUSYFfHjBUs7xp2FHmZHb8eTYD/oEu0NklS6JgUauqnoXZHiTLPLVW2o2uVCqldnabYHcomuwI2iqVFYJNhTw=="],

    "@oxc-transform/binding-linux-s390x-gnu": ["@oxc-transform/binding-linux-s390x-gnu@0.110.0", "", { "os": "linux", "cpu": "s390x" }, "sha512-7blgoXF9D3Ngzb7eun23pNrHJpoV/TtE6LObwlZ3Nmb4oZ6Z+yMvBVaoW68NarbmvNGfZ95zrOjgm6cVETLYBA=="],

    "@oxc-transform/binding-linux-x64-gnu": ["@oxc-transform/binding-linux-x64-gnu@0.110.0", "", { "os": "linux", "cpu": "x64" }, "sha512-YQ2joGWCVDZVEU2cD/r/w49hVjDm/Qu1BvC/7zs8LvprzdLS/HyMXGF2oA0puw0b+AqgYaz3bhwKB2xexHyITQ=="],

    "@oxc-transform/binding-linux-x64-musl": ["@oxc-transform/binding-linux-x64-musl@0.110.0", "", { "os": "linux", "cpu": "x64" }, "sha512-fkjr5qE632ULmNgvFXWDR/8668WxERz3tU7TQFp6JebPBneColitjSkdx6VKNVXEoMmQnOvBIGeP5tUNT384oA=="],

    "@oxc-transform/binding-openharmony-arm64": ["@oxc-transform/binding-openharmony-arm64@0.110.0", "", { "os": "none", "cpu": "arm64" }, "sha512-HWH9Zj+lMrdSTqFRCZsvDWMz7OnMjbdGsm3xURXWfRZpuaz0bVvyuZNDQXc4FyyhRDsemICaJbU1bgeIpUJDGw=="],

    "@oxc-transform/binding-wasm32-wasi": ["@oxc-transform/binding-wasm32-wasi@0.110.0", "", { "dependencies": { "@napi-rs/wasm-runtime": "^1.1.1" }, "cpu": "none" }, "sha512-ejdxHmYfIcHDPhZUe3WklViLt9mDEJE5BzcW7+R1vc5i/5JFA8D0l7NUSsHBJ7FB8Bu9gF+5iMDm6cXGAgaghw=="],

    "@oxc-transform/binding-win32-arm64-msvc": ["@oxc-transform/binding-win32-arm64-msvc@0.110.0", "", { "os": "win32", "cpu": "arm64" }, "sha512-9VTwpXCZs7xkV+mKhQ62dVk7KLnLXtEUxNS2T4nLz3iMl1IJbA4h5oltK0JoobtiUAnbkV53QmMVGW8+Nh3bDQ=="],

    "@oxc-transform/binding-win32-ia32-msvc": ["@oxc-transform/binding-win32-ia32-msvc@0.110.0", "", { "os": "win32", "cpu": "ia32" }, "sha512-5y0fzuNON7/F2hh2P94vANFaRPJ/3DI1hVl5rseCT8VUVqOGIjWaza0YS/D1g6t1WwycW2LWDMi2raOKoWU5GQ=="],

    "@oxc-transform/binding-win32-x64-msvc": ["@oxc-transform/binding-win32-x64-msvc@0.110.0", "", { "os": "win32", "cpu": "x64" }, "sha512-QROrowwlrApI1fEScMknGWKM6GTM/Z2xwMnDqvSaEmzNazBsDUlE08Jasw610hFEsYAVU2K5sp/YaCa9ORdP4A=="],

    "@pinojs/redact": ["@pinojs/redact@0.4.0", "", {}, ""],

    "@rolldown/binding-android-arm64": ["@rolldown/binding-android-arm64@1.0.0-rc.5", "", { "os": "android", "cpu": "arm64" }, "sha512-zCEmUrt1bggwgBgeKLxNj217J1OrChrp3jJt24VK9jAharSTeVaHODNL+LpcQVhRz+FktYWfT9cjo5oZ99ZLpg=="],

    "@rolldown/binding-darwin-arm64": ["@rolldown/binding-darwin-arm64@1.0.0-rc.5", "", { "os": "darwin", "cpu": "arm64" }, "sha512-ZP9xb9lPAex36pvkNWCjSEJW/Gfdm9I3ssiqOFLmpZ/vosPXgpoGxCmh+dX1Qs+/bWQE6toNFXWWL8vYoKoK9Q=="],

    "@rolldown/binding-darwin-x64": ["@rolldown/binding-darwin-x64@1.0.0-rc.5", "", { "os": "darwin", "cpu": "x64" }, "sha512-7IdrPunf6dp9mywMgTOKMMGDnMHQ6+h5gRl6LW8rhD8WK2kXX0IwzcM5Zc0B5J7xQs8QWOlKjv8BJsU/1CD3pg=="],

    "@rolldown/binding-freebsd-x64": ["@rolldown/binding-freebsd-x64@1.0.0-rc.5", "", { "os": "freebsd", "cpu": "x64" }, "sha512-o/JCk+dL0IN68EBhZ4DqfsfvxPfMeoM6cJtxORC1YYoxGHZyth2Kb2maXDb4oddw2wu8iIbnYXYPEzBtAF5CAg=="],

    "@rolldown/binding-linux-arm-gnueabihf": ["@rolldown/binding-linux-arm-gnueabihf@1.0.0-rc.5", "", { "os": "linux", "cpu": "arm" }, "sha512-IIBwTtA6VwxQLcEgq2mfrUgam7VvPZjhd/jxmeS1npM+edWsrrpRLHUdze+sk4rhb8/xpP3flemgcZXXUW6ukw=="],

    "@rolldown/binding-linux-arm64-gnu": ["@rolldown/binding-linux-arm64-gnu@1.0.0-rc.5", "", { "os": "linux", "cpu": "arm64" }, "sha512-KSol1De1spMZL+Xg7K5IBWXIvRWv7+pveaxFWXpezezAG7CS6ojzRjtCGCiLxQricutTAi/LkNWKMsd2wNhMKQ=="],

    "@rolldown/binding-linux-arm64-musl": ["@rolldown/binding-linux-arm64-musl@1.0.0-rc.5", "", { "os": "linux", "cpu": "arm64" }, "sha512-WFljyDkxtXRlWxMjxeegf7xMYXxUr8u7JdXlOEWKYgDqEgxUnSEsVDxBiNWQ1D5kQKwf8Wo4sVKEYPRhCdsjwA=="],

    "@rolldown/binding-linux-x64-gnu": ["@rolldown/binding-linux-x64-gnu@1.0.0-rc.5", "", { "os": "linux", "cpu": "x64" }, "sha512-CUlplTujmbDWp2gamvrqVKi2Or8lmngXT1WxsizJfts7JrvfGhZObciaY/+CbdbS9qNnskvwMZNEhTPrn7b+WA=="],

    "@rolldown/binding-linux-x64-musl": ["@rolldown/binding-linux-x64-musl@1.0.0-rc.5", "", { "os": "linux", "cpu": "x64" }, "sha512-wdf7g9NbVZCeAo2iGhsjJb7I8ZFfs6X8bumfrWg82VK+8P6AlLXwk48a1ASiJQDTS7Svq2xVzZg3sGO2aXpHRA=="],

    "@rolldown/binding-openharmony-arm64": ["@rolldown/binding-openharmony-arm64@1.0.0-rc.5", "", { "os": "none", "cpu": "arm64" }, "sha512-0CWY7ubu12nhzz+tkpHjoG3IRSTlWYe0wrfJRf4qqjqQSGtAYgoL9kwzdvlhaFdZ5ffVeyYw9qLsChcjUMEloQ=="],

    "@rolldown/binding-wasm32-wasi": ["@rolldown/binding-wasm32-wasi@1.0.0-rc.5", "", { "dependencies": { "@napi-rs/wasm-runtime": "^1.1.1" }, "cpu": "none" }, "sha512-LztXnGzv6t2u830mnZrFLRVqT/DPJ9DL4ZTz/y93rqUVkeHjMMYIYaFj+BUthiYxbVH9dH0SZYufETspKY/NhA=="],

    "@rolldown/binding-win32-arm64-msvc": ["@rolldown/binding-win32-arm64-msvc@1.0.0-rc.5", "", { "os": "win32", "cpu": "arm64" }, "sha512-jUct1XVeGtyjqJXEAfvdFa8xoigYZ2rge7nYEm70ppQxpfH9ze2fbIrpHmP2tNM2vL/F6Dd0CpXhpjPbC6bSxQ=="],

    "@rolldown/binding-win32-x64-msvc": ["@rolldown/binding-win32-x64-msvc@1.0.0-rc.5", "", { "os": "win32", "cpu": "x64" }, "sha512-VQ8F9ld5gw29epjnVGdrx8ugiLTe8BMqmhDYy7nGbdeDo4HAt4bgdZvLbViEhg7DZyHLpiEUlO5/jPSUrIuxRQ=="],

    "@rolldown/pluginutils": ["@rolldown/pluginutils@1.0.0-rc.5", "", {}, "sha512-RxlLX/DPoarZ9PtxVrQgZhPoor987YtKQqCo5zkjX+0S0yLJ7Vv515Wk6+xtTL67VONKJKxETWZwuZjss2idYw=="],

    "@tybys/wasm-util": ["@tybys/wasm-util@0.10.1", "", { "dependencies": { "tslib": "^2.4.0" } }, ""],

    "@types/bun": ["@types/bun@1.3.9", "", { "dependencies": { "bun-types": "1.3.9" } }, "sha512-KQ571yULOdWJiMH+RIWIOZ7B2RXQGpL1YQrBtLIV3FqDcCu6FsbFUBwhdKUlCKUpS3PJDsHlJ1QKlpxoVR+xtw=="],

    "@types/node": ["@types/node@22.19.11", "", { "dependencies": { "undici-types": "~6.21.0" } }, ""],

    "@types/react": ["@types/react@19.2.14", "", { "dependencies": { "csstype": "^3.2.2" } }, ""],

    "@types/react-dom": ["@types/react-dom@19.2.3", "", { "peerDependencies": { "@types/react": "^19.2.0" } }, ""],

    "atomic-sleep": ["atomic-sleep@1.0.0", "", {}, ""],

    "bun-types": ["bun-types@1.3.9", "", { "dependencies": { "@types/node": "*" } }, "sha512-+UBWWOakIP4Tswh0Bt0QD0alpTY8cb5hvgiYeWCMet9YukHbzuruIEeXC2D7nMJPB12kbh8C7XJykSexEqGKJg=="],

    "colorette": ["colorette@2.0.20", "", {}, ""],

    "consola": ["consola@3.4.2", "", {}, ""],

    "crossws": ["crossws@0.4.4", "", { "peerDependencies": { "srvx": ">=0.7.1" } }, ""],

    "csstype": ["csstype@3.2.3", "", {}, ""],

    "date-fns": ["date-fns@4.1.0", "", {}, ""],

    "dateformat": ["dateformat@4.6.3", "", {}, ""],

    "db0": ["db0@0.3.4", "", { "peerDependencies": { "@electric-sql/pglite": "*", "@libsql/client": "*", "better-sqlite3": "*", "drizzle-orm": "*", "mysql2": "*", "sqlite3": "*" }, "optionalPeers": ["@electric-sql/pglite", "@libsql/client", "better-sqlite3", "drizzle-orm", "mysql2", "sqlite3"] }, ""],

    "end-of-stream": ["end-of-stream@1.4.5", "", { "dependencies": { "once": "^1.4.0" } }, ""],

    "fast-copy": ["fast-copy@4.0.2", "", {}, ""],

    "fast-safe-stringify": ["fast-safe-stringify@2.1.1", "", {}, ""],

    "h3": ["h3@2.0.1-rc.14", "", { "dependencies": { "rou3": "^0.7.12", "srvx": "^0.11.2" }, "peerDependencies": { "crossws": "^0.4.1" }, "bin": "bin/h3.mjs" }, ""],

    "help-me": ["help-me@5.0.0", "", {}, ""],

    "jiti": ["jiti@2.6.1", "", { "bin": "lib/jiti-cli.mjs" }, ""],

    "joycon": ["joycon@3.1.1", "", {}, ""],

    "minimist": ["minimist@1.2.8", "", {}, ""],

    "nf3": ["nf3@0.3.10", "", {}, ""],

    "nitro": ["nitro@3.0.1-alpha.2", "", { "dependencies": { "consola": "^3.4.2", "crossws": "^0.4.3", "db0": "^0.3.4", "h3": "^2.0.1-rc.11", "jiti": "^2.6.1", "nf3": "^0.3.5", "ofetch": "^2.0.0-alpha.3", "ohash": "^2.0.11", "oxc-minify": "^0.110.0", "oxc-transform": "^0.110.0", "srvx": "^0.10.1", "undici": "^7.18.2", "unenv": "^2.0.0-rc.24", "unstorage": "^2.0.0-alpha.5" }, "peerDependencies": { "rolldown": ">=1.0.0-beta.0", "rollup": "^4", "vite": "^7 || ^8 || >=8.0.0-0", "xml2js": "^0.6.2" }, "optionalPeers": ["rolldown", "rollup", "vite", "xml2js"], "bin": "dist/cli/index.mjs" }, "sha512-YviDY5J/trS821qQ1fpJtpXWIdPYiOizC/meHavlm1Hfuhx//H+Egd1+4C5SegJRgtWMnRPW9n//6Woaw81cTQ=="],

    "ofetch": ["ofetch@2.0.0-alpha.3", "", {}, ""],

    "ohash": ["ohash@2.0.11", "", {}, ""],

    "on-exit-leak-free": ["on-exit-leak-free@2.1.2", "", {}, ""],

    "once": ["once@1.4.0", "", { "dependencies": { "wrappy": "1" } }, ""],

    "oxc-minify": ["oxc-minify@0.110.0", "", { "optionalDependencies": { "@oxc-minify/binding-android-arm-eabi": "0.110.0", "@oxc-minify/binding-android-arm64": "0.110.0", "@oxc-minify/binding-darwin-arm64": "0.110.0", "@oxc-minify/binding-darwin-x64": "0.110.0", "@oxc-minify/binding-freebsd-x64": "0.110.0", "@oxc-minify/binding-linux-arm-gnueabihf": "0.110.0", "@oxc-minify/binding-linux-arm-musleabihf": "0.110.0", "@oxc-minify/binding-linux-arm64-gnu": "0.110.0", "@oxc-minify/binding-linux-arm64-musl": "0.110.0", "@oxc-minify/binding-linux-ppc64-gnu": "0.110.0", "@oxc-minify/binding-linux-riscv64-gnu": "0.110.0", "@oxc-minify/binding-linux-riscv64-musl": "0.110.0", "@oxc-minify/binding-linux-s390x-gnu": "0.110.0", "@oxc-minify/binding-linux-x64-gnu": "0.110.0", "@oxc-minify/binding-linux-x64-musl": "0.110.0", "@oxc-minify/binding-openharmony-arm64": "0.110.0", "@oxc-minify/binding-wasm32-wasi": "0.110.0", "@oxc-minify/binding-win32-arm64-msvc": "0.110.0", "@oxc-minify/binding-win32-ia32-msvc": "0.110.0", "@oxc-minify/binding-win32-x64-msvc": "0.110.0" } }, ""],

    "oxc-transform": ["oxc-transform@0.110.0", "", { "optionalDependencies": { "@oxc-transform/binding-android-arm-eabi": "0.110.0", "@oxc-transform/binding-android-arm64": "0.110.0", "@oxc-transform/binding-darwin-arm64": "0.110.0", "@oxc-transform/binding-darwin-x64": "0.110.0", "@oxc-transform/binding-freebsd-x64": "0.110.0", "@oxc-transform/binding-linux-arm-gnueabihf": "0.110.0", "@oxc-transform/binding-linux-arm-musleabihf": "0.110.0", "@oxc-transform/binding-linux-arm64-gnu": "0.110.0", "@oxc-transform/binding-linux-arm64-musl": "0.110.0", "@oxc-transform/binding-linux-ppc64-gnu": "0.110.0", "@oxc-transform/binding-linux-riscv64-gnu": "0.110.0", "@oxc-transform/binding-linux-riscv64-musl": "0.110.0", "@oxc-transform/binding-linux-s390x-gnu": "0.110.0", "@oxc-transform/binding-linux-x64-gnu": "0.110.0", "@oxc-transform/binding-linux-x64-musl": "0.110.0", "@oxc-transform/binding-openharmony-arm64": "0.110.0", "@oxc-transform/binding-wasm32-wasi": "0.110.0", "@oxc-transform/binding-win32-arm64-msvc": "0.110.0", "@oxc-transform/binding-win32-ia32-msvc": "0.110.0", "@oxc-transform/binding-win32-x64-msvc": "0.110.0" } }, ""],

    "pathe": ["pathe@2.0.3", "", {}, ""],

    "pino": ["pino@10.3.1", "", { "dependencies": { "@pinojs/redact": "^0.4.0", "atomic-sleep": "^1.0.0", "on-exit-leak-free": "^2.1.0", "pino-abstract-transport": "^3.0.0", "pino-std-serializers": "^7.0.0", "process-warning": "^5.0.0", "quick-format-unescaped": "^4.0.3", "real-require": "^0.2.0", "safe-stable-stringify": "^2.3.1", "sonic-boom": "^4.0.1", "thread-stream": "^4.0.0" }, "bin": "bin.js" }, ""],

    "pino-abstract-transport": ["pino-abstract-transport@3.0.0", "", { "dependencies": { "split2": "^4.0.0" } }, ""],

    "pino-pretty": ["pino-pretty@13.1.3", "", { "dependencies": { "colorette": "^2.0.7", "dateformat": "^4.6.3", "fast-copy": "^4.0.0", "fast-safe-stringify": "^2.1.1", "help-me": "^5.0.0", "joycon": "^3.1.1", "minimist": "^1.2.6", "on-exit-leak-free": "^2.1.0", "pino-abstract-transport": "^3.0.0", "pump": "^3.0.0", "secure-json-parse": "^4.0.0", "sonic-boom": "^4.0.1", "strip-json-comments": "^5.0.2" }, "bin": "bin.js" }, ""],

    "pino-std-serializers": ["pino-std-serializers@7.1.0", "", {}, ""],

    "process-warning": ["process-warning@5.0.0", "", {}, ""],

    "pump": ["pump@3.0.3", "", { "dependencies": { "end-of-stream": "^1.1.0", "once": "^1.3.1" } }, ""],

    "quick-format-unescaped": ["quick-format-unescaped@4.0.4", "", {}, ""],

    "react": ["react@19.2.4", "", {}, ""],

    "react-activity-calendar": ["react-activity-calendar@3.1.1", "", { "dependencies": { "@floating-ui/react": "^0.27.12", "date-fns": "^4.1.0" }, "peerDependencies": { "react": "^18.0.0 || ^19.0.0" } }, ""],

    "react-dom": ["react-dom@19.2.4", "", { "dependencies": { "scheduler": "^0.27.0" }, "peerDependencies": { "react": "^19.2.4" } }, ""],

    "real-require": ["real-require@0.2.0", "", {}, ""],

    "rolldown": ["rolldown@1.0.0-rc.5", "", { "dependencies": { "@oxc-project/types": "=0.114.0", "@rolldown/pluginutils": "1.0.0-rc.5" }, "optionalDependencies": { "@rolldown/binding-android-arm64": "1.0.0-rc.5", "@rolldown/binding-darwin-arm64": "1.0.0-rc.5", "@rolldown/binding-darwin-x64": "1.0.0-rc.5", "@rolldown/binding-freebsd-x64": "1.0.0-rc.5", "@rolldown/binding-linux-arm-gnueabihf": "1.0.0-rc.5", "@rolldown/binding-linux-arm64-gnu": "1.0.0-rc.5", "@rolldown/binding-linux-arm64-musl": "1.0.0-rc.5", "@rolldown/binding-linux-x64-gnu": "1.0.0-rc.5", "@rolldown/binding-linux-x64-musl": "1.0.0-rc.5", "@rolldown/binding-openharmony-arm64": "1.0.0-rc.5", "@rolldown/binding-wasm32-wasi": "1.0.0-rc.5", "@rolldown/binding-win32-arm64-msvc": "1.0.0-rc.5", "@rolldown/binding-win32-x64-msvc": "1.0.0-rc.5" }, "bin": { "rolldown": "bin/cli.mjs" } }, "sha512-0AdalTs6hNTioaCYIkAa7+xsmHBfU5hCNclZnM/lp7lGGDuUOb6N4BVNtwiomybbencDjq/waKjTImqiGCs5sw=="],

    "rou3": ["rou3@0.7.12", "", {}, ""],

    "safe-stable-stringify": ["safe-stable-stringify@2.5.0", "", {}, ""],

    "scheduler": ["scheduler@0.27.0", "", {}, ""],

    "secure-json-parse": ["secure-json-parse@4.1.0", "", {}, ""],

    "sonic-boom": ["sonic-boom@4.2.1", "", { "dependencies": { "atomic-sleep": "^1.0.0" } }, ""],

    "split2": ["split2@4.2.0", "", {}, ""],

    "srvx": ["srvx@0.10.1", "", { "bin": "bin/srvx.mjs" }, ""],

    "strip-json-comments": ["strip-json-comments@5.0.3", "", {}, ""],

    "tabbable": ["tabbable@6.4.0", "", {}, ""],

    "thread-stream": ["thread-stream@4.0.0", "", { "dependencies": { "real-require": "^0.2.0" } }, ""],

    "tslib": ["tslib@2.8.1", "", {}, ""],

    "typescript": ["typescript@5.9.3", "", { "bin": { "tsc": "bin/tsc", "tsserver": "bin/tsserver" } }, ""],

    "undici": ["undici@7.22.0", "", {}, ""],

    "undici-types": ["undici-types@6.21.0", "", {}, ""],

    "unenv": ["unenv@2.0.0-rc.24", "", { "dependencies": { "pathe": "^2.0.3" } }, ""],

    "unstorage": ["unstorage@2.0.0-alpha.5", "", { "peerDependencies": { "@azure/app-configuration": "^1.9.0", "@azure/cosmos": "^4.7.0", "@azure/data-tables": "^13.3.1", "@azure/identity": "^4.13.0", "@azure/keyvault-secrets": "^4.10.0", "@azure/storage-blob": "^12.29.1", "@capacitor/preferences": "^6.0.3 || ^7.0.0", "@deno/kv": ">=0.12.0", "@netlify/blobs": "^6.5.0 || ^7.0.0 || ^8.1.0 || ^9.0.0 || ^10.0.0", "@planetscale/database": "^1.19.0", "@upstash/redis": "^1.35.6", "@vercel/blob": ">=0.27.3", "@vercel/functions": "^2.2.12 || ^3.0.0", "@vercel/kv": "^1.0.1", "aws4fetch": "^1.0.20", "chokidar": "^4 || ^5", "db0": ">=0.3.4", "idb-keyval": "^6.2.2", "ioredis": "^5.8.2", "lru-cache": "^11.2.2", "mongodb": "^6 || ^7", "ofetch": "*", "uploadthing": "^7.7.4" }, "optionalPeers": ["@azure/app-configuration", "@azure/cosmos", "@azure/data-tables", "@azure/identity", "@azure/keyvault-secrets", "@azure/storage-blob", "@capacitor/preferences", "@deno/kv", "@netlify/blobs", "@planetscale/database", "@upstash/redis", "@vercel/blob", "@vercel/functions", "@vercel/kv", "aws4fetch", "chokidar", "idb-keyval", "ioredis", "lru-cache", "mongodb", "uploadthing"] }, ""],

    "wrappy": ["wrappy@1.0.2", "", {}, ""],

    "yaml": ["yaml@2.8.2", "", { "bin": "bin.mjs" }, ""],

    "zod": ["zod@4.3.6", "", {}, "sha512-rftlrkhHZOcjDwkGlnUtZZkvaPHCsDATp4pGpuOOMDaTdDDXF91wuVDJoWoPsKX/3YPQ5fHuF3STjcYyKr+Qhg=="],

    "h3/srvx": ["srvx@0.11.4", "", { "bin": "bin/srvx.mjs" }, ""],
  }
}
